
Microsoft Visual Studio Solution File, Format Version 12.00
# Visual Studio Version 16
VisualStudioVersion = 16.0.31727.386
MinimumVisualStudioVersion = 10.0.40219.1
Project("{FAE04EC0-301F-11D3-BF4B-00C04F79EFBC}") = "HEICConverter", "HEICConverter\HEICConverter.csproj", "{75FDE1F0-0A95-44E4-B4F0-94D211B7B916}"
EndProject
Global
	GlobalSection(SolutionConfigurationPlatforms) = preSolution
		Debug|Any CPU = Debug|Any CPU
		Release|Any CPU = Release|Any CPU
	EndGlobalSection
	GlobalSection(ProjectConfigurationPlatforms) = postSolution
		{75FDE1F0-0A95-44E4-B4F0-94D211B7B916}.Debug|Any CPU.ActiveCfg = Debug|Any CPU
		{75FDE1F0-0A95-44E4-B4F0-94D211B7B916}.Debug|Any CPU.Build.0 = Debug|Any CPU
		{75FDE1F0-0A95-44E4-B4F0-94D211B7B916}.Release|Any CPU.ActiveCfg = Release|Any CPU
		{75FDE1F0-0A95-44E4-B4F0-94D211B7B916}.Release|Any CPU.Build.0 = Release|Any CPU
	EndGlobalSection
	GlobalSection(SolutionProperties) = preSolution
		HideSolutionNode = FALSE
	EndGlobalSection
	GlobalSection(ExtensibilityGlobals) = postSolution
		SolutionGuid = {9A7837AA-26F6-461D-B44C-294DAC0910D1}
	EndGlobalSection
EndGlobal
